
Microsoft Visual Studio Solution File, Format Version 12.00
# Visual Studio 15
VisualStudioVersion = 15.0.28307.136
MinimumVisualStudioVersion = 10.0.40219.1
Project("{9A19103F-16F7-4668-BE54-9A1E7A4F7556}") = "Core", "Core\Core.csproj", "{AB602C6C-96B9-42DD-B8F7-A24F4D3BB66B}"
EndProject
Project("{9A19103F-16F7-4668-BE54-9A1E7A4F7556}") = "WebApi", "WebApi\WebApi.csproj", "{8F6CC274-2D35-4AB7-855B-00CAD05118E3}"
EndProject
Project("{9A19103F-16F7-4668-BE54-9A1E7A4F7556}") = "Core.UnitTests", "Core.UnitTests\Core.UnitTests.csproj", "{59B3DDC7-A81B-4742-9F88-BB6E4C298977}"
EndProject
Global
	GlobalSection(SolutionConfigurationPlatforms) = preSolution
		Debug|Any CPU = Debug|Any CPU
		Release|Any CPU = Release|Any CPU
	EndGlobalSection
	GlobalSection(ProjectConfigurationPlatforms) = postSolution
		{AB602C6C-96B9-42DD-B8F7-A24F4D3BB66B}.Debug|Any CPU.ActiveCfg = Debug|Any CPU
		{AB602C6C-96B9-42DD-B8F7-A24F4D3BB66B}.Debug|Any CPU.Build.0 = Debug|Any CPU
		{AB602C6C-96B9-42DD-B8F7-A24F4D3BB66B}.Release|Any CPU.ActiveCfg = Release|Any CPU
		{AB602C6C-96B9-42DD-B8F7-A24F4D3BB66B}.Release|Any CPU.Build.0 = Release|Any CPU
		{8F6CC274-2D35-4AB7-855B-00CAD05118E3}.Debug|Any CPU.ActiveCfg = Debug|Any CPU
		{8F6CC274-2D35-4AB7-855B-00CAD05118E3}.Debug|Any CPU.Build.0 = Debug|Any CPU
		{8F6CC274-2D35-4AB7-855B-00CAD05118E3}.Release|Any CPU.ActiveCfg = Release|Any CPU
		{8F6CC274-2D35-4AB7-855B-00CAD05118E3}.Release|Any CPU.Build.0 = Release|Any CPU
		{59B3DDC7-A81B-4742-9F88-BB6E4C298977}.Debug|Any CPU.ActiveCfg = Debug|Any CPU
		{59B3DDC7-A81B-4742-9F88-BB6E4C298977}.Debug|Any CPU.Build.0 = Debug|Any CPU
		{59B3DDC7-A81B-4742-9F88-BB6E4C298977}.Release|Any CPU.ActiveCfg = Release|Any CPU
		{59B3DDC7-A81B-4742-9F88-BB6E4C298977}.Release|Any CPU.Build.0 = Release|Any CPU
	EndGlobalSection
	GlobalSection(SolutionProperties) = preSolution
		HideSolutionNode = FALSE
	EndGlobalSection
	GlobalSection(ExtensibilityGlobals) = postSolution
		SolutionGuid = {10B493FC-EDA8-4440-A742-02D5C11C5ACC}
	EndGlobalSection
EndGlobal
